
Microsoft Visual Studio Solution File, Format Version 12.00
# Visual Studio 15
Project("{FAE04EC0-301F-11D3-BF4B-00C04F79EFBC}") = "MainApp", "MainApp\MainApp.csproj", "{C703F776-270A-4A0E-80C9-925839F9175D}"
EndProject
Global
	GlobalSection(SolutionConfigurationPlatforms) = preSolution
		Debug|x86 = Debug|x86
		Release|x86 = Release|x86
	EndGlobalSection
	GlobalSection(ProjectConfigurationPlatforms) = postSolution
		{C703F776-270A-4A0E-80C9-925839F9175D}.Debug|x86.ActiveCfg = Debug|x86
		{C703F776-270A-4A0E-80C9-925839F9175D}.Debug|x86.Build.0 = Debug|x86
		{C703F776-270A-4A0E-80C9-925839F9175D}.Release|x86.ActiveCfg = Release|x86
		{C703F776-270A-4A0E-80C9-925839F9175D}.Release|x86.Build.0 = Release|x86
	EndGlobalSection
EndGlobal
